// !$*UTF8*$!
{
	archiveVersion = 1;
	classes = {
	};
	objectVersion = 56;
	objects = {

/* Begin PBXBuildFile section */
		2087399C2B67F2CB00340570 /* PopularRestaurantsView.swift in Sources */ = {isa = PBXBuildFile; fileRef = 2087399B2B67F2CB00340570 /* PopularRestaurantsView.swift */; };
		2087399E2B67F35500340570 /* DiscoverCategoriesView.swift in Sources */ = {isa = PBXBuildFile; fileRef = 2087399D2B67F35500340570 /* DiscoverCategoriesView.swift */; };
		208739A02B67F38900340570 /* TrendingCreatorsView.swift in Sources */ = {isa = PBXBuildFile; fileRef = 2087399F2B67F38900340570 /* TrendingCreatorsView.swift */; };
		208739A32B67F4C800340570 /* Destination.swift in Sources */ = {isa = PBXBuildFile; fileRef = 208739A22B67F4C800340570 /* Destination.swift */; };
		208739A52B67F4E500340570 /* Restaurant.swift in Sources */ = {isa = PBXBuildFile; fileRef = 208739A42B67F4E500340570 /* Restaurant.swift */; };
		208739A72B67F4F400340570 /* User.swift in Sources */ = {isa = PBXBuildFile; fileRef = 208739A62B67F4F400340570 /* User.swift */; };
		208739A92B67F50A00340570 /* Category.swift in Sources */ = {isa = PBXBuildFile; fileRef = 208739A82B67F50A00340570 /* Category.swift */; };
		208739AC2B69036400340570 /* TileModifier.swift in Sources */ = {isa = PBXBuildFile; fileRef = 208739AB2B69036400340570 /* TileModifier.swift */; };
		208739AF2B6B83AB00340570 /* Kingfisher in Frameworks */ = {isa = PBXBuildFile; productRef = 208739AE2B6B83AB00340570 /* Kingfisher */; };
		208739B22B6B845000340570 /* SDWebImageSwiftUI in Frameworks */ = {isa = PBXBuildFile; productRef = 208739B12B6B845000340570 /* SDWebImageSwiftUI */; };
		208739B52B6B874700340570 /* CategoryDetailsView.swift in Sources */ = {isa = PBXBuildFile; fileRef = 208739B42B6B874700340570 /* CategoryDetailsView.swift */; };
		208739B72B6B884600340570 /* ActivityIndicatorView.swift in Sources */ = {isa = PBXBuildFile; fileRef = 208739B62B6B884600340570 /* ActivityIndicatorView.swift */; };
		208739BA2B6B889F00340570 /* Place.swift in Sources */ = {isa = PBXBuildFile; fileRef = 208739B92B6B889F00340570 /* Place.swift */; };
		20B9056A29A1E9AB0089DC31 /* TravelDiscoveryApp.swift in Sources */ = {isa = PBXBuildFile; fileRef = 20B9056929A1E9AB0089DC31 /* TravelDiscoveryApp.swift */; };
		20B9056C29A1E9AB0089DC31 /* DiscoverView.swift in Sources */ = {isa = PBXBuildFile; fileRef = 20B9056B29A1E9AB0089DC31 /* DiscoverView.swift */; };
		20B9056E29A1E9B30089DC31 /* Assets.xcassets in Resources */ = {isa = PBXBuildFile; fileRef = 20B9056D29A1E9B30089DC31 /* Assets.xcassets */; };
		20B9057129A1E9B30089DC31 /* Preview Assets.xcassets in Resources */ = {isa = PBXBuildFile; fileRef = 20B9057029A1E9B30089DC31 /* Preview Assets.xcassets */; };
		20C89D132B67F0350086B4A7 /* PopularDesnationsView.swift in Sources */ = {isa = PBXBuildFile; fileRef = 20C89D122B67F0350086B4A7 /* PopularDesnationsView.swift */; };
/* End PBXBuildFile section */

/* Begin PBXFileReference section */
		2087399B2B67F2CB00340570 /* PopularRestaurantsView.swift */ = {isa = PBXFileReference; lastKnownFileType = sourcecode.swift; path = PopularRestaurantsView.swift; sourceTree = "<group>"; };
		2087399D2B67F35500340570 /* DiscoverCategoriesView.swift */ = {isa = PBXFileReference; lastKnownFileType = sourcecode.swift; path = DiscoverCategoriesView.swift; sourceTree = "<group>"; };
		2087399F2B67F38900340570 /* TrendingCreatorsView.swift */ = {isa = PBXFileReference; lastKnownFileType = sourcecode.swift; path = TrendingCreatorsView.swift; sourceTree = "<group>"; };
		208739A22B67F4C800340570 /* Destination.swift */ = {isa = PBXFileReference; lastKnownFileType = sourcecode.swift; path = Destination.swift; sourceTree = "<group>"; };
		208739A42B67F4E500340570 /* Restaurant.swift */ = {isa = PBXFileReference; lastKnownFileType = sourcecode.swift; path = Restaurant.swift; sourceTree = "<group>"; };
		208739A62B67F4F400340570 /* User.swift */ = {isa = PBXFileReference; lastKnownFileType = sourcecode.swift; path = User.swift; sourceTree = "<group>"; };
		208739A82B67F50A00340570 /* Category.swift */ = {isa = PBXFileReference; lastKnownFileType = sourcecode.swift; path = Category.swift; sourceTree = "<group>"; };
		208739AB2B69036400340570 /* TileModifier.swift */ = {isa = PBXFileReference; lastKnownFileType = sourcecode.swift; path = TileModifier.swift; sourceTree = "<group>"; };
		208739B42B6B874700340570 /* CategoryDetailsView.swift */ = {isa = PBXFileReference; lastKnownFileType = sourcecode.swift; path = CategoryDetailsView.swift; sourceTree = "<group>"; };
		208739B62B6B884600340570 /* ActivityIndicatorView.swift */ = {isa = PBXFileReference; lastKnownFileType = sourcecode.swift; path = ActivityIndicatorView.swift; sourceTree = "<group>"; };
		208739B92B6B889F00340570 /* Place.swift */ = {isa = PBXFileReference; lastKnownFileType = sourcecode.swift; path = Place.swift; sourceTree = "<group>"; };
		20B9056629A1E9AB0089DC31 /* TravelDiscovery.app */ = {isa = PBXFileReference; explicitFileType = wrapper.application; includeInIndex = 0; path = TravelDiscovery.app; sourceTree = BUILT_PRODUCTS_DIR; };
		20B9056929A1E9AB0089DC31 /* TravelDiscoveryApp.swift */ = {isa = PBXFileReference; lastKnownFileType = sourcecode.swift; path = TravelDiscoveryApp.swift; sourceTree = "<group>"; };
		20B9056B29A1E9AB0089DC31 /* DiscoverView.swift */ = {isa = PBXFileReference; lastKnownFileType = sourcecode.swift; path = DiscoverView.swift; sourceTree = "<group>"; };
		20B9056D29A1E9B30089DC31 /* Assets.xcassets */ = {isa = PBXFileReference; lastKnownFileType = folder.assetcatalog; path = Assets.xcassets; sourceTree = "<group>"; };
		20B9057029A1E9B30089DC31 /* Preview Assets.xcassets */ = {isa = PBXFileReference; lastKnownFileType = folder.assetcatalog; path = "Preview Assets.xcassets"; sourceTree = "<group>"; };
		20C89D122B67F0350086B4A7 /* PopularDesnationsView.swift */ = {isa = PBXFileReference; lastKnownFileType = sourcecode.swift; path = PopularDesnationsView.swift; sourceTree = "<group>"; };
/* End PBXFileReference section */

/* Begin PBXFrameworksBuildPhase section */
		20B9056329A1E9AB0089DC31 /* Frameworks */ = {
			isa = PBXFrameworksBuildPhase;
			buildActionMask = 2147483647;
			files = (
				208739B22B6B845000340570 /* SDWebImageSwiftUI in Frameworks */,
				208739AF2B6B83AB00340570 /* Kingfisher in Frameworks */,
			);
			runOnlyForDeploymentPostprocessing = 0;
		};
/* End PBXFrameworksBuildPhase section */

/* Begin PBXGroup section */
		208739A12B67F49200340570 /* Models */ = {
			isa = PBXGroup;
			children = (
				208739A22B67F4C800340570 /* Destination.swift */,
				208739A42B67F4E500340570 /* Restaurant.swift */,
				208739A62B67F4F400340570 /* User.swift */,
				208739A82B67F50A00340570 /* Category.swift */,
				208739B92B6B889F00340570 /* Place.swift */,
			);
			path = Models;
			sourceTree = "<group>";
		};
		208739AA2B69034A00340570 /* Utils */ = {
			isa = PBXGroup;
			children = (
				208739AB2B69036400340570 /* TileModifier.swift */,
				208739B62B6B884600340570 /* ActivityIndicatorView.swift */,
			);
			path = Utils;
			sourceTree = "<group>";
		};
		208739B32B6B870400340570 /* Category */ = {
			isa = PBXGroup;
			children = (
				208739B42B6B874700340570 /* CategoryDetailsView.swift */,
			);
			path = Category;
			sourceTree = "<group>";
		};
		20B9055D29A1E9AA0089DC31 = {
			isa = PBXGroup;
			children = (
				20B9056829A1E9AB0089DC31 /* TravelDiscovery */,
				20B9056729A1E9AB0089DC31 /* Products */,
			);
			sourceTree = "<group>";
		};
		20B9056729A1E9AB0089DC31 /* Products */ = {
			isa = PBXGroup;
			children = (
				20B9056629A1E9AB0089DC31 /* TravelDiscovery.app */,
			);
			name = Products;
			sourceTree = "<group>";
		};
		20B9056829A1E9AB0089DC31 /* TravelDiscovery */ = {
			isa = PBXGroup;
			children = (
				208739AA2B69034A00340570 /* Utils */,
				208739A12B67F49200340570 /* Models */,
				20C89D112B67EEBD0086B4A7 /* Discover */,
				20B9056929A1E9AB0089DC31 /* TravelDiscoveryApp.swift */,
				20B9056D29A1E9B30089DC31 /* Assets.xcassets */,
				20B9056F29A1E9B30089DC31 /* Preview Content */,
			);
			path = TravelDiscovery;
			sourceTree = "<group>";
		};
		20B9056F29A1E9B30089DC31 /* Preview Content */ = {
			isa = PBXGroup;
			children = (
				20B9057029A1E9B30089DC31 /* Preview Assets.xcassets */,
			);
			path = "Preview Content";
			sourceTree = "<group>";
		};
		20C89D112B67EEBD0086B4A7 /* Discover */ = {
			isa = PBXGroup;
			children = (
				208739B32B6B870400340570 /* Category */,
				20B9056B29A1E9AB0089DC31 /* DiscoverView.swift */,
				20C89D122B67F0350086B4A7 /* PopularDesnationsView.swift */,
				2087399B2B67F2CB00340570 /* PopularRestaurantsView.swift */,
				2087399D2B67F35500340570 /* DiscoverCategoriesView.swift */,
				2087399F2B67F38900340570 /* TrendingCreatorsView.swift */,
			);
			path = Discover;
			sourceTree = "<group>";
		};
/* End PBXGroup section */

/* Begin PBXNativeTarget section */
		20B9056529A1E9AB0089DC31 /* TravelDiscovery */ = {
			isa = PBXNativeTarget;
			buildConfigurationList = 20B9057429A1E9B30089DC31 /* Build configuration list for PBXNativeTarget "TravelDiscovery" */;
			buildPhases = (
				20B9056229A1E9AB0089DC31 /* Sources */,
				20B9056329A1E9AB0089DC31 /* Frameworks */,
				20B9056429A1E9AB0089DC31 /* Resources */,
			);
			buildRules = (
			);
			dependencies = (
			);
			name = TravelDiscovery;
			packageProductDependencies = (
				208739AE2B6B83AB00340570 /* Kingfisher */,
				208739B12B6B845000340570 /* SDWebImageSwiftUI */,
			);
			productName = TravelDiscovery;
			productReference = 20B9056629A1E9AB0089DC31 /* TravelDiscovery.app */;
			productType = "com.apple.product-type.application";
		};
/* End PBXNativeTarget section */

/* Begin PBXProject section */
		20B9055E29A1E9AA0089DC31 /* Project object */ = {
			isa = PBXProject;
			attributes = {
				BuildIndependentTargetsInParallel = 1;
				LastSwiftUpdateCheck = 1420;
				LastUpgradeCheck = 1520;
				TargetAttributes = {
					20B9056529A1E9AB0089DC31 = {
						CreatedOnToolsVersion = 14.2;
					};
				};
			};
			buildConfigurationList = 20B9056129A1E9AA0089DC31 /* Build configuration list for PBXProject "TravelDiscovery" */;
			compatibilityVersion = "Xcode 14.0";
			developmentRegion = en;
			hasScannedForEncodings = 0;
			knownRegions = (
				en,
				Base,
			);
			mainGroup = 20B9055D29A1E9AA0089DC31;
			packageReferences = (
				208739AD2B6B83AB00340570 /* XCRemoteSwiftPackageReference "Kingfisher" */,
				208739B02B6B845000340570 /* XCRemoteSwiftPackageReference "SDWebImageSwiftUI" */,
			);
			productRefGroup = 20B9056729A1E9AB0089DC31 /* Products */;
			projectDirPath = "";
			projectRoot = "";
			targets = (
				20B9056529A1E9AB0089DC31 /* TravelDiscovery */,
			);
		};
/* End PBXProject section */

/* Begin PBXResourcesBuildPhase section */
		20B9056429A1E9AB0089DC31 /* Resources */ = {
			isa = PBXResourcesBuildPhase;
			buildActionMask = 2147483647;
			files = (
				20B9057129A1E9B30089DC31 /* Preview Assets.xcassets in Resources */,
				20B9056E29A1E9B30089DC31 /* Assets.xcassets in Resources */,
			);
			runOnlyForDeploymentPostprocessing = 0;
		};
/* End PBXResourcesBuildPhase section */

/* Begin PBXSourcesBuildPhase section */
		20B9056229A1E9AB0089DC31 /* Sources */ = {
			isa = PBXSourcesBuildPhase;
			buildActionMask = 2147483647;
			files = (
				2087399E2B67F35500340570 /* DiscoverCategoriesView.swift in Sources */,
				208739AC2B69036400340570 /* TileModifier.swift in Sources */,
				208739A92B67F50A00340570 /* Category.swift in Sources */,
				20B9056C29A1E9AB0089DC31 /* DiscoverView.swift in Sources */,
				208739A02B67F38900340570 /* TrendingCreatorsView.swift in Sources */,
				208739BA2B6B889F00340570 /* Place.swift in Sources */,
				2087399C2B67F2CB00340570 /* PopularRestaurantsView.swift in Sources */,
				208739A52B67F4E500340570 /* Restaurant.swift in Sources */,
				208739A72B67F4F400340570 /* User.swift in Sources */,
				20B9056A29A1E9AB0089DC31 /* TravelDiscoveryApp.swift in Sources */,
				20C89D132B67F0350086B4A7 /* PopularDesnationsView.swift in Sources */,
				208739A32B67F4C800340570 /* Destination.swift in Sources */,
				208739B72B6B884600340570 /* ActivityIndicatorView.swift in Sources */,
				208739B52B6B874700340570 /* CategoryDetailsView.swift in Sources */,
			);
			runOnlyForDeploymentPostprocessing = 0;
		};
/* End PBXSourcesBuildPhase section */

/* Begin XCBuildConfiguration section */
		20B9057229A1E9B30089DC31 /* Debug */ = {
			isa = XCBuildConfiguration;
			buildSettings = {
				ALWAYS_SEARCH_USER_PATHS = NO;
				CLANG_ANALYZER_NONNULL = YES;
				CLANG_ANALYZER_NUMBER_OBJECT_CONVERSION = YES_AGGRESSIVE;
				CLANG_CXX_LANGUAGE_STANDARD = "gnu++20";
				CLANG_ENABLE_MODULES = YES;
				CLANG_ENABLE_OBJC_ARC = YES;
				CLANG_ENABLE_OBJC_WEAK = YES;
				CLANG_WARN_BLOCK_CAPTURE_AUTORELEASING = YES;
				CLANG_WARN_BOOL_CONVERSION = YES;
				CLANG_WARN_COMMA = YES;
				CLANG_WARN_CONSTANT_CONVERSION = YES;
				CLANG_WARN_DEPRECATED_OBJC_IMPLEMENTATIONS = YES;
				CLANG_WARN_DIRECT_OBJC_ISA_USAGE = YES_ERROR;
				CLANG_WARN_DOCUMENTATION_COMMENTS = YES;
				CLANG_WARN_EMPTY_BODY = YES;
				CLANG_WARN_ENUM_CONVERSION = YES;
				CLANG_WARN_INFINITE_RECURSION = YES;
				CLANG_WARN_INT_CONVERSION = YES;
				CLANG_WARN_NON_LITERAL_NULL_CONVERSION = YES;
				CLANG_WARN_OBJC_IMPLICIT_RETAIN_SELF = YES;
				CLANG_WARN_OBJC_LITERAL_CONVERSION = YES;
				CLANG_WARN_OBJC_ROOT_CLASS = YES_ERROR;
				CLANG_WARN_QUOTED_INCLUDE_IN_FRAMEWORK_HEADER = YES;
				CLANG_WARN_RANGE_LOOP_ANALYSIS = YES;
				CLANG_WARN_STRICT_PROTOTYPES = YES;
				CLANG_WARN_SUSPICIOUS_MOVE = YES;
				CLANG_WARN_UNGUARDED_AVAILABILITY = YES_AGGRESSIVE;
				CLANG_WARN_UNREACHABLE_CODE = YES;
				CLANG_WARN__DUPLICATE_METHOD_MATCH = YES;
				COPY_PHASE_STRIP = NO;
				DEBUG_INFORMATION_FORMAT = dwarf;
				ENABLE_STRICT_OBJC_MSGSEND = YES;
				ENABLE_TESTABILITY = YES;
				ENABLE_USER_SCRIPT_SANDBOXING = YES;
				GCC_C_LANGUAGE_STANDARD = gnu11;
				GCC_DYNAMIC_NO_PIC = NO;
				GCC_NO_COMMON_BLOCKS = YES;
				GCC_OPTIMIZATION_LEVEL = 0;
				GCC_PREPROCESSOR_DEFINITIONS = (
					"DEBUG=1",
					"$(inherited)",
				);
				GCC_WARN_64_TO_32_BIT_CONVERSION = YES;
				GCC_WARN_ABOUT_RETURN_TYPE = YES_ERROR;
				GCC_WARN_UNDECLARED_SELECTOR = YES;
				GCC_WARN_UNINITIALIZED_AUTOS = YES_AGGRESSIVE;
				GCC_WARN_UNUSED_FUNCTION = YES;
				GCC_WARN_UNUSED_VARIABLE = YES;
				IPHONEOS_DEPLOYMENT_TARGET = 16.2;
				MTL_ENABLE_DEBUG_INFO = INCLUDE_SOURCE;
				MTL_FAST_MATH = YES;
				ONLY_ACTIVE_ARCH = YES;
				SDKROOT = iphoneos;
				SWIFT_ACTIVE_COMPILATION_CONDITIONS = DEBUG;
				SWIFT_OPTIMIZATION_LEVEL = "-Onone";
			};
			name = Debug;
		};
		20B9057329A1E9B30089DC31 /* Release */ = {
			isa = XCBuildConfiguration;
			buildSettings = {
				ALWAYS_SEARCH_USER_PATHS = NO;
				CLANG_ANALYZER_NONNULL = YES;
				CLANG_ANALYZER_NUMBER_OBJECT_CONVERSION = YES_AGGRESSIVE;
				CLANG_CXX_LANGUAGE_STANDARD = "gnu++20";
				CLANG_ENABLE_MODULES = YES;
				CLANG_ENABLE_OBJC_ARC = YES;
				CLANG_ENABLE_OBJC_WEAK = YES;
				CLANG_WARN_BLOCK_CAPTURE_AUTORELEASING = YES;
				CLANG_WARN_BOOL_CONVERSION = YES;
				CLANG_WARN_COMMA = YES;
				CLANG_WARN_CONSTANT_CONVERSION = YES;
				CLANG_WARN_DEPRECATED_OBJC_IMPLEMENTATIONS = YES;
				CLANG_WARN_DIRECT_OBJC_ISA_USAGE = YES_ERROR;
				CLANG_WARN_DOCUMENTATION_COMMENTS = YES;
				CLANG_WARN_EMPTY_BODY = YES;
				CLANG_WARN_ENUM_CONVERSION = YES;
				CLANG_WARN_INFINITE_RECURSION = YES;
				CLANG_WARN_INT_CONVERSION = YES;
				CLANG_WARN_NON_LITERAL_NULL_CONVERSION = YES;
				CLANG_WARN_OBJC_IMPLICIT_RETAIN_SELF = YES;
				CLANG_WARN_OBJC_LITERAL_CONVERSION = YES;
				CLANG_WARN_OBJC_ROOT_CLASS = YES_ERROR;
				CLANG_WARN_QUOTED_INCLUDE_IN_FRAMEWORK_HEADER = YES;
				CLANG_WARN_RANGE_LOOP_ANALYSIS = YES;
				CLANG_WARN_STRICT_PROTOTYPES = YES;
				CLANG_WARN_SUSPICIOUS_MOVE = YES;
				CLANG_WARN_UNGUARDED_AVAILABILITY = YES_AGGRESSIVE;
				CLANG_WARN_UNREACHABLE_CODE = YES;
				CLANG_WARN__DUPLICATE_METHOD_MATCH = YES;
				COPY_PHASE_STRIP = NO;
				DEBUG_INFORMATION_FORMAT = "dwarf-with-dsym";
				ENABLE_NS_ASSERTIONS = NO;
				ENABLE_STRICT_OBJC_MSGSEND = YES;
				ENABLE_USER_SCRIPT_SANDBOXING = YES;
				GCC_C_LANGUAGE_STANDARD = gnu11;
				GCC_NO_COMMON_BLOCKS = YES;
				GCC_WARN_64_TO_32_BIT_CONVERSION = YES;
				GCC_WARN_ABOUT_RETURN_TYPE = YES_ERROR;
				GCC_WARN_UNDECLARED_SELECTOR = YES;
				GCC_WARN_UNINITIALIZED_AUTOS = YES_AGGRESSIVE;
				GCC_WARN_UNUSED_FUNCTION = YES;
				GCC_WARN_UNUSED_VARIABLE = YES;
				IPHONEOS_DEPLOYMENT_TARGET = 16.2;
				MTL_ENABLE_DEBUG_INFO = NO;
				MTL_FAST_MATH = YES;
				SDKROOT = iphoneos;
				SWIFT_COMPILATION_MODE = wholemodule;
				SWIFT_OPTIMIZATION_LEVEL = "-O";
				VALIDATE_PRODUCT = YES;
			};
			name = Release;
		};
		20B9057529A1E9B30089DC31 /* Debug */ = {
			isa = XCBuildConfiguration;
			buildSettings = {
				ASSETCATALOG_COMPILER_APPICON_NAME = AppIcon;
				ASSETCATALOG_COMPILER_GLOBAL_ACCENT_COLOR_NAME = AccentColor;
				CODE_SIGN_STYLE = Automatic;
				CURRENT_PROJECT_VERSION = 1;
				DEVELOPMENT_ASSET_PATHS = "\"TravelDiscovery/Preview Content\"";
				DEVELOPMENT_TEAM = 6RA9KGFBWN;
				ENABLE_PREVIEWS = YES;
				GENERATE_INFOPLIST_FILE = YES;
				INFOPLIST_KEY_UIApplicationSceneManifest_Generation = YES;
				INFOPLIST_KEY_UIApplicationSupportsIndirectInputEvents = YES;
				INFOPLIST_KEY_UILaunchScreen_Generation = YES;
				INFOPLIST_KEY_UISupportedInterfaceOrientations_iPad = "UIInterfaceOrientationPortrait UIInterfaceOrientationPortraitUpsideDown UIInterfaceOrientationLandscapeLeft UIInterfaceOrientationLandscapeRight";
				INFOPLIST_KEY_UISupportedInterfaceOrientations_iPhone = "UIInterfaceOrientationPortrait UIInterfaceOrientationLandscapeLeft UIInterfaceOrientationLandscapeRight";
				LD_RUNPATH_SEARCH_PATHS = (
					"$(inherited)",
					"@executable_path/Frameworks",
				);
				MARKETING_VERSION = 1.0;
				PRODUCT_BUNDLE_IDENTIFIER = com.tezhman.TravelDiscovery;
				PRODUCT_NAME = "$(TARGET_NAME)";
				SWIFT_EMIT_LOC_STRINGS = YES;
				SWIFT_VERSION = 5.0;
				TARGETED_DEVICE_FAMILY = "1,2";
			};
			name = Debug;
		};
		20B9057629A1E9B30089DC31 /* Release */ = {
			isa = XCBuildConfiguration;
			buildSettings = {
				ASSETCATALOG_COMPILER_APPICON_NAME = AppIcon;
				ASSETCATALOG_COMPILER_GLOBAL_ACCENT_COLOR_NAME = AccentColor;
				CODE_SIGN_STYLE = Automatic;
				CURRENT_PROJECT_VERSION = 1;
				DEVELOPMENT_ASSET_PATHS = "\"TravelDiscovery/Preview Content\"";
				DEVELOPMENT_TEAM = 6RA9KGFBWN;
				ENABLE_PREVIEWS = YES;
				GENERATE_INFOPLIST_FILE = YES;
				INFOPLIST_KEY_UIApplicationSceneManifest_Generation = YES;
				INFOPLIST_KEY_UIApplicationSupportsIndirectInputEvents = YES;
				INFOPLIST_KEY_UILaunchScreen_Generation = YES;
				INFOPLIST_KEY_UISupportedInterfaceOrientations_iPad = "UIInterfaceOrientationPortrait UIInterfaceOrientationPortraitUpsideDown UIInterfaceOrientationLandscapeLeft UIInterfaceOrientationLandscapeRight";
				INFOPLIST_KEY_UISupportedInterfaceOrientations_iPhone = "UIInterfaceOrientationPortrait UIInterfaceOrientationLandscapeLeft UIInterfaceOrientationLandscapeRight";
				LD_RUNPATH_SEARCH_PATHS = (
					"$(inherited)",
					"@executable_path/Frameworks",
				);
				MARKETING_VERSION = 1.0;
				PRODUCT_BUNDLE_IDENTIFIER = com.tezhman.TravelDiscovery;
				PRODUCT_NAME = "$(TARGET_NAME)";
				SWIFT_EMIT_LOC_STRINGS = YES;
				SWIFT_VERSION = 5.0;
				TARGETED_DEVICE_FAMILY = "1,2";
			};
			name = Release;
		};
/* End XCBuildConfiguration section */

/* Begin XCConfigurationList section */
		20B9056129A1E9AA0089DC31 /* Build configuration list for PBXProject "TravelDiscovery" */ = {
			isa = XCConfigurationList;
			buildConfigurations = (
				20B9057229A1E9B30089DC31 /* Debug */,
				20B9057329A1E9B30089DC31 /* Release */,
			);
			defaultConfigurationIsVisible = 0;
			defaultConfigurationName = Release;
		};
		20B9057429A1E9B30089DC31 /* Build configuration list for PBXNativeTarget "TravelDiscovery" */ = {
			isa = XCConfigurationList;
			buildConfigurations = (
				20B9057529A1E9B30089DC31 /* Debug */,
				20B9057629A1E9B30089DC31 /* Release */,
			);
			defaultConfigurationIsVisible = 0;
			defaultConfigurationName = Release;
		};
/* End XCConfigurationList section */

/* Begin XCRemoteSwiftPackageReference section */
		208739AD2B6B83AB00340570 /* XCRemoteSwiftPackageReference "Kingfisher" */ = {
			isa = XCRemoteSwiftPackageReference;
			repositoryURL = "https://github.com/onevcat/Kingfisher";
			requirement = {
				kind = upToNextMajorVersion;
				minimumVersion = 7.10.2;
			};
		};
		208739B02B6B845000340570 /* XCRemoteSwiftPackageReference "SDWebImageSwiftUI" */ = {
			isa = XCRemoteSwiftPackageReference;
			repositoryURL = "https://github.com/SDWebImage/SDWebImageSwiftUI";
			requirement = {
				kind = upToNextMajorVersion;
				minimumVersion = 2.2.6;
			};
		};
/* End XCRemoteSwiftPackageReference section */

/* Begin XCSwiftPackageProductDependency section */
		208739AE2B6B83AB00340570 /* Kingfisher */ = {
			isa = XCSwiftPackageProductDependency;
			package = 208739AD2B6B83AB00340570 /* XCRemoteSwiftPackageReference "Kingfisher" */;
			productName = Kingfisher;
		};
		208739B12B6B845000340570 /* SDWebImageSwiftUI */ = {
			isa = XCSwiftPackageProductDependency;
			package = 208739B02B6B845000340570 /* XCRemoteSwiftPackageReference "SDWebImageSwiftUI" */;
			productName = SDWebImageSwiftUI;
		};
/* End XCSwiftPackageProductDependency section */
	};
	rootObject = 20B9055E29A1E9AA0089DC31 /* Project object */;
}
